
Microsoft Visual Studio Solution File, Format Version 12.00
# Visual Studio Version 17
VisualStudioVersion = 17.8.34330.188
MinimumVisualStudioVersion = 10.0.40219.1
Project("{FAE04EC0-301F-11D3-BF4B-00C04F79EFBC}") = "Donor", "Donor\Donor.csproj", "{F7DA428B-C603-4C12-A223-6955093A5BFC}"
EndProject
Global
	GlobalSection(SolutionConfigurationPlatforms) = preSolution
		Debug|Any CPU = Debug|Any CPU
		Release|Any CPU = Release|Any CPU
	EndGlobalSection
	GlobalSection(ProjectConfigurationPlatforms) = postSolution
		{F7DA428B-C603-4C12-A223-6955093A5BFC}.Debug|Any CPU.ActiveCfg = Debug|Any CPU
		{F7DA428B-C603-4C12-A223-6955093A5BFC}.Debug|Any CPU.Build.0 = Debug|Any CPU
		{F7DA428B-C603-4C12-A223-6955093A5BFC}.Release|Any CPU.ActiveCfg = Release|Any CPU
		{F7DA428B-C603-4C12-A223-6955093A5BFC}.Release|Any CPU.Build.0 = Release|Any CPU
	EndGlobalSection
	GlobalSection(SolutionProperties) = preSolution
		HideSolutionNode = FALSE
	EndGlobalSection
	GlobalSection(ExtensibilityGlobals) = postSolution
		SolutionGuid = {05EC3AED-F8D3-4072-9819-F10080C34CD1}
	EndGlobalSection
EndGlobal
